
Microsoft Visual Studio Solution File, Format Version 12.00
# Visual Studio 15
VisualStudioVersion = 15.0.27428.2005
MinimumVisualStudioVersion = 10.0.40219.1
Project("{8BC9CEB8-8B4A-11D0-8D11-00A0C91BC942}") = "Server2019G", "Server2019G.vcxproj", "{32C7F464-8288-4698-8D9B-0F072BF85474}"
EndProject
Global
	GlobalSection(SolutionConfigurationPlatforms) = preSolution
		Debug|x64 = Debug|x64
		Debug|x86 = Debug|x86
		Release|x64 = Release|x64
		Release|x86 = Release|x86
	EndGlobalSection
	GlobalSection(ProjectConfigurationPlatforms) = postSolution
		{32C7F464-8288-4698-8D9B-0F072BF85474}.Debug|x64.ActiveCfg = Debug|x64
		{32C7F464-8288-4698-8D9B-0F072BF85474}.Debug|x64.Build.0 = Debug|x64
		{32C7F464-8288-4698-8D9B-0F072BF85474}.Debug|x86.ActiveCfg = Debug|Win32
		{32C7F464-8288-4698-8D9B-0F072BF85474}.Debug|x86.Build.0 = Debug|Win32
		{32C7F464-8288-4698-8D9B-0F072BF85474}.Release|x64.ActiveCfg = Release|x64
		{32C7F464-8288-4698-8D9B-0F072BF85474}.Release|x64.Build.0 = Release|x64
		{32C7F464-8288-4698-8D9B-0F072BF85474}.Release|x86.ActiveCfg = Release|Win32
		{32C7F464-8288-4698-8D9B-0F072BF85474}.Release|x86.Build.0 = Release|Win32
	EndGlobalSection
	GlobalSection(SolutionProperties) = preSolution
		HideSolutionNode = FALSE
	EndGlobalSection
	GlobalSection(ExtensibilityGlobals) = postSolution
		SolutionGuid = {9BFC942F-37F4-4DF5-A055-DDDEB4A8321B}
	EndGlobalSection
EndGlobal
