
Microsoft Visual Studio Solution File, Format Version 12.00
# Visual Studio 15
VisualStudioVersion = 15.0.27428.2005
MinimumVisualStudioVersion = 10.0.40219.1
Project("{8BC9CEB8-8B4A-11D0-8D11-00A0C91BC942}") = "dummy", "dummy.vcxproj", "{59E66B3B-124F-43C1-95CD-A9B0475B2509}"
EndProject
Global
	GlobalSection(SolutionConfigurationPlatforms) = preSolution
		Debug|x64 = Debug|x64
		Debug|x86 = Debug|x86
		Release|x64 = Release|x64
		Release|x86 = Release|x86
	EndGlobalSection
	GlobalSection(ProjectConfigurationPlatforms) = postSolution
		{59E66B3B-124F-43C1-95CD-A9B0475B2509}.Debug|x64.ActiveCfg = Debug|x64
		{59E66B3B-124F-43C1-95CD-A9B0475B2509}.Debug|x64.Build.0 = Debug|x64
		{59E66B3B-124F-43C1-95CD-A9B0475B2509}.Debug|x86.ActiveCfg = Debug|Win32
		{59E66B3B-124F-43C1-95CD-A9B0475B2509}.Debug|x86.Build.0 = Debug|Win32
		{59E66B3B-124F-43C1-95CD-A9B0475B2509}.Release|x64.ActiveCfg = Release|x64
		{59E66B3B-124F-43C1-95CD-A9B0475B2509}.Release|x64.Build.0 = Release|x64
		{59E66B3B-124F-43C1-95CD-A9B0475B2509}.Release|x86.ActiveCfg = Release|Win32
		{59E66B3B-124F-43C1-95CD-A9B0475B2509}.Release|x86.Build.0 = Release|Win32
	EndGlobalSection
	GlobalSection(SolutionProperties) = preSolution
		HideSolutionNode = FALSE
	EndGlobalSection
	GlobalSection(ExtensibilityGlobals) = postSolution
		SolutionGuid = {2269E5E6-9624-4CAE-84E8-F79927A9F5F9}
	EndGlobalSection
EndGlobal
